
Microsoft Visual Studio Solution File, Format Version 12.00
# Visual Studio Version 17
VisualStudioVersion = 17.11.35431.28
MinimumVisualStudioVersion = 10.0.40219.1
Project("{9A19103F-16F7-4668-BE54-9A1E7A4F7556}") = "Chat.Server", "D:\learn\C#\Chat\Chat.Server\Chat.Server.csproj", "{A3699F81-74A0-4DBC-A8BF-B5022FF6D03B}"
EndProject
Project("{9A19103F-16F7-4668-BE54-9A1E7A4F7556}") = "Chat.Client", "D:\learn\C#\Chat\Chat\Chat.Client.csproj", "{8B6DF790-902F-4F08-9118-3001E0EA7C2B}"
EndProject
Project("{9A19103F-16F7-4668-BE54-9A1E7A4F7556}") = "ClientApp", "ClientApp\ClientApp.csproj", "{634535CA-6636-443A-9C63-6141506BDB41}"
EndProject
Project("{FAE04EC0-301F-11D3-BF4B-00C04F79EFBC}") = "ValidationRules", "ValidationRules\ValidationRules.csproj", "{3FB4A4D9-B7A5-4ECA-A246-10ED89002C79}"
EndProject
Global
	GlobalSection(SolutionConfigurationPlatforms) = preSolution
		Debug|Any CPU = Debug|Any CPU
		Release|Any CPU = Release|Any CPU
	EndGlobalSection
	GlobalSection(ProjectConfigurationPlatforms) = postSolution
		{A3699F81-74A0-4DBC-A8BF-B5022FF6D03B}.Debug|Any CPU.ActiveCfg = Debug|Any CPU
		{A3699F81-74A0-4DBC-A8BF-B5022FF6D03B}.Debug|Any CPU.Build.0 = Debug|Any CPU
		{A3699F81-74A0-4DBC-A8BF-B5022FF6D03B}.Release|Any CPU.ActiveCfg = Release|Any CPU
		{A3699F81-74A0-4DBC-A8BF-B5022FF6D03B}.Release|Any CPU.Build.0 = Release|Any CPU
		{8B6DF790-902F-4F08-9118-3001E0EA7C2B}.Debug|Any CPU.ActiveCfg = Debug|Any CPU
		{8B6DF790-902F-4F08-9118-3001E0EA7C2B}.Debug|Any CPU.Build.0 = Debug|Any CPU
		{8B6DF790-902F-4F08-9118-3001E0EA7C2B}.Release|Any CPU.ActiveCfg = Release|Any CPU
		{8B6DF790-902F-4F08-9118-3001E0EA7C2B}.Release|Any CPU.Build.0 = Release|Any CPU
		{634535CA-6636-443A-9C63-6141506BDB41}.Debug|Any CPU.ActiveCfg = Debug|Any CPU
		{634535CA-6636-443A-9C63-6141506BDB41}.Debug|Any CPU.Build.0 = Debug|Any CPU
		{634535CA-6636-443A-9C63-6141506BDB41}.Release|Any CPU.ActiveCfg = Release|Any CPU
		{634535CA-6636-443A-9C63-6141506BDB41}.Release|Any CPU.Build.0 = Release|Any CPU
		{3FB4A4D9-B7A5-4ECA-A246-10ED89002C79}.Debug|Any CPU.ActiveCfg = Debug|Any CPU
		{3FB4A4D9-B7A5-4ECA-A246-10ED89002C79}.Debug|Any CPU.Build.0 = Debug|Any CPU
		{3FB4A4D9-B7A5-4ECA-A246-10ED89002C79}.Release|Any CPU.ActiveCfg = Release|Any CPU
		{3FB4A4D9-B7A5-4ECA-A246-10ED89002C79}.Release|Any CPU.Build.0 = Release|Any CPU
	EndGlobalSection
	GlobalSection(SolutionProperties) = preSolution
		HideSolutionNode = FALSE
	EndGlobalSection
	GlobalSection(ExtensibilityGlobals) = postSolution
		SolutionGuid = {2CD04149-08B1-492A-AA1A-97B9EA53E3FB}
	EndGlobalSection
EndGlobal
