
Microsoft Visual Studio Solution File, Format Version 12.00
# Visual Studio Version 17
VisualStudioVersion = 17.11.35327.3
MinimumVisualStudioVersion = 10.0.40219.1
Project("{9A19103F-16F7-4668-BE54-9A1E7A4F7556}") = "Chat.Client", "Chat\Chat.Client.csproj", "{644590EB-78C0-4A19-A627-725FAC1C575C}"
EndProject
Project("{9A19103F-16F7-4668-BE54-9A1E7A4F7556}") = "Chat.Server", "Chat.Server\Chat.Server.csproj", "{1FC1846F-EA04-4236-B26F-B75273332F51}"
EndProject
Global
	GlobalSection(SolutionConfigurationPlatforms) = preSolution
		Debug|Any CPU = Debug|Any CPU
		Release|Any CPU = Release|Any CPU
	EndGlobalSection
	GlobalSection(ProjectConfigurationPlatforms) = postSolution
		{644590EB-78C0-4A19-A627-725FAC1C575C}.Debug|Any CPU.ActiveCfg = Debug|Any CPU
		{644590EB-78C0-4A19-A627-725FAC1C575C}.Debug|Any CPU.Build.0 = Debug|Any CPU
		{644590EB-78C0-4A19-A627-725FAC1C575C}.Release|Any CPU.ActiveCfg = Release|Any CPU
		{644590EB-78C0-4A19-A627-725FAC1C575C}.Release|Any CPU.Build.0 = Release|Any CPU
		{1FC1846F-EA04-4236-B26F-B75273332F51}.Debug|Any CPU.ActiveCfg = Debug|Any CPU
		{1FC1846F-EA04-4236-B26F-B75273332F51}.Debug|Any CPU.Build.0 = Debug|Any CPU
		{1FC1846F-EA04-4236-B26F-B75273332F51}.Release|Any CPU.ActiveCfg = Release|Any CPU
		{1FC1846F-EA04-4236-B26F-B75273332F51}.Release|Any CPU.Build.0 = Release|Any CPU
	EndGlobalSection
	GlobalSection(SolutionProperties) = preSolution
		HideSolutionNode = FALSE
	EndGlobalSection
	GlobalSection(ExtensibilityGlobals) = postSolution
		SolutionGuid = {2CD04149-08B1-492A-AA1A-97B9EA53E3FB}
	EndGlobalSection
EndGlobal
